{
  "version": 4,
  "terraform_version": "0.12.29",
  "serial": 6,
  "lineage": "779ab0ec-5240-1ac0-cef5-6eefca0e064f",
  "outputs": {},
  "resources": [
    {
      "mode": "managed",
      "type": "azurerm_resource_group",
      "name": "example",
      "provider": "provider.azurerm",
      "instances": [
        {
          "schema_version": 0,
          "attributes": {
            "id": "/subscriptions/1b189bac-216f-4f3d-b483-74df77c2b45e/resourceGroups/azurermtftest",
            "location": "usgovvirginia",
            "name": "azurermtftest",
            "tags": {},
            "timeouts": null
          },
          "private": "eyJlMmJmYjczMC1lY2FhLTExZTYtOGY4OC0zNDM2M2JjN2M0YzAiOnsiY3JlYXRlIjo1NDAwMDAwMDAwMDAwLCJkZWxldGUiOjU0MDAwMDAwMDAwMDAsInJlYWQiOjMwMDAwMDAwMDAwMCwidXBkYXRlIjo1NDAwMDAwMDAwMDAwfX0="
        }
      ]
    },
    {
      "mode": "managed",
      "type": "azurerm_storage_account",
      "name": "example",
      "provider": "provider.azurerm",
      "instances": [
        {
          "schema_version": 2,
          "attributes": {
            "access_tier": "Hot",
            "account_kind": "StorageV2",
            "account_replication_type": "LRS",
            "account_tier": "Standard",
            "blob_properties": [],
            "custom_domain": [],
            "enable_https_traffic_only": true,
            "id": "/subscriptions/1b189bac-216f-4f3d-b483-74df77c2b45e/resourceGroups/azurermtftest/providers/Microsoft.Storage/storageAccounts/azurermtftest",
            "identity": [],
            "is_hns_enabled": false,
            "location": "usgovvirginia",
            "name": "azurermtftest",
            "network_rules": [
              {
                "bypass": [
                  "AzureServices"
                ],
                "default_action": "Allow",
                "ip_rules": [],
                "virtual_network_subnet_ids": []
              }
            ],
            "primary_access_key": "4ea1answu4VGoXvj/8X6TEcfgc+lIvQIKXO88HFHZTvdOKE8S13vj7mbSLO8D669Hrsn13O7NLCpOr+IyqKtAw==",
            "primary_blob_connection_string": "DefaultEndpointsProtocol=https;BlobEndpoint=https://azurermtftest.blob.core.usgovcloudapi.net/;AccountName=azurermtftest;AccountKey=4ea1answu4VGoXvj/8X6TEcfgc+lIvQIKXO88HFHZTvdOKE8S13vj7mbSLO8D669Hrsn13O7NLCpOr+IyqKtAw==",
            "primary_blob_endpoint": "https://azurermtftest.blob.core.usgovcloudapi.net/",
            "primary_blob_host": "azurermtftest.blob.core.usgovcloudapi.net",
            "primary_connection_string": "DefaultEndpointsProtocol=https;AccountName=azurermtftest;AccountKey=4ea1answu4VGoXvj/8X6TEcfgc+lIvQIKXO88HFHZTvdOKE8S13vj7mbSLO8D669Hrsn13O7NLCpOr+IyqKtAw==;EndpointSuffix=core.usgovcloudapi.net",
            "primary_dfs_endpoint": "https://azurermtftest.dfs.core.usgovcloudapi.net/",
            "primary_dfs_host": "azurermtftest.dfs.core.usgovcloudapi.net",
            "primary_file_endpoint": "https://azurermtftest.file.core.usgovcloudapi.net/",
            "primary_file_host": "azurermtftest.file.core.usgovcloudapi.net",
            "primary_location": "usgovvirginia",
            "primary_queue_endpoint": "https://azurermtftest.queue.core.usgovcloudapi.net/",
            "primary_queue_host": "azurermtftest.queue.core.usgovcloudapi.net",
            "primary_table_endpoint": "https://azurermtftest.table.core.usgovcloudapi.net/",
            "primary_table_host": "azurermtftest.table.core.usgovcloudapi.net",
            "primary_web_endpoint": "https://azurermtftest.z2.web.core.usgovcloudapi.net/",
            "primary_web_host": "azurermtftest.z2.web.core.usgovcloudapi.net",
            "queue_properties": [
              {
                "cors_rule": [],
                "hour_metrics": [
                  {
                    "enabled": true,
                    "include_apis": true,
                    "retention_policy_days": 7,
                    "version": "1.0"
                  }
                ],
                "logging": [
                  {
                    "delete": false,
                    "read": false,
                    "retention_policy_days": 0,
                    "version": "1.0",
                    "write": false
                  }
                ],
                "minute_metrics": [
                  {
                    "enabled": false,
                    "include_apis": false,
                    "retention_policy_days": 0,
                    "version": "1.0"
                  }
                ]
              }
            ],
            "resource_group_name": "azurermtftest",
            "secondary_access_key": "2AbDGouW4Fr6agVrnk29e3nk/YcFI+szzqK2bs9kYNr1BvOkStW/G3hPOEH0iqZOOTb5y7Kg5W7rkeNKI7nI1Q==",
            "secondary_blob_connection_string": "",
            "secondary_blob_endpoint": null,
            "secondary_blob_host": null,
            "secondary_connection_string": "DefaultEndpointsProtocol=https;AccountName=azurermtftest;AccountKey=2AbDGouW4Fr6agVrnk29e3nk/YcFI+szzqK2bs9kYNr1BvOkStW/G3hPOEH0iqZOOTb5y7Kg5W7rkeNKI7nI1Q==;EndpointSuffix=core.usgovcloudapi.net",
            "secondary_dfs_endpoint": null,
            "secondary_dfs_host": null,
            "secondary_file_endpoint": null,
            "secondary_file_host": null,
            "secondary_location": "",
            "secondary_queue_endpoint": null,
            "secondary_queue_host": null,
            "secondary_table_endpoint": null,
            "secondary_table_host": null,
            "secondary_web_endpoint": null,
            "secondary_web_host": null,
            "static_website": [],
            "tags": null,
            "timeouts": null
          },
          "private": "eyJlMmJmYjczMC1lY2FhLTExZTYtOGY4OC0zNDM2M2JjN2M0YzAiOnsiY3JlYXRlIjozNjAwMDAwMDAwMDAwLCJkZWxldGUiOjM2MDAwMDAwMDAwMDAsInJlYWQiOjMwMDAwMDAwMDAwMCwidXBkYXRlIjozNjAwMDAwMDAwMDAwfSwic2NoZW1hX3ZlcnNpb24iOiIyIn0=",
          "dependencies": [
            "azurerm_resource_group.example"
          ]
        }
      ]
    },
    {
      "mode": "managed",
      "type": "azurerm_storage_container",
      "name": "example",
      "provider": "provider.azurerm",
      "instances": [
        {
          "schema_version": 1,
          "attributes": {
            "container_access_type": "private",
            "has_immutability_policy": false,
            "has_legal_hold": false,
            "id": "https://azurermtftest.blob.core.usgovcloudapi.net/azurermtftest",
            "metadata": {},
            "name": "azurermtftest",
            "resource_manager_id": "/subscriptions/1b189bac-216f-4f3d-b483-74df77c2b45e/resourceGroups/azurermtftest/providers/Microsoft.Storage/storageAccounts/azurermtftest/blobServices/default/containers/azurermtftest",
            "storage_account_name": "azurermtftest",
            "timeouts": null
          },
          "private": "eyJlMmJmYjczMC1lY2FhLTExZTYtOGY4OC0zNDM2M2JjN2M0YzAiOnsiY3JlYXRlIjoxODAwMDAwMDAwMDAwLCJkZWxldGUiOjE4MDAwMDAwMDAwMDAsInJlYWQiOjMwMDAwMDAwMDAwMCwidXBkYXRlIjoxODAwMDAwMDAwMDAwfSwic2NoZW1hX3ZlcnNpb24iOiIxIn0=",
          "dependencies": [
            "azurerm_resource_group.example",
            "azurerm_storage_account.example"
          ]
        }
      ]
    }
  ]
}
